{
    "name": "ecosort-mvp",
    "version": "0.1.0",
    "lockfileVersion": 3,
    "requires": true,
    "packages": {
        "": {
            "name": "ecosort-mvp",
            "version": "0.1.0",
            "dependencies": {
                "@tensorflow-models/mobilenet": "latest",
                "@tensorflow/tfjs": "^4.20.0",
                "lucide-react": "latest",
                "next": "14.2.3",
                "react": "18.2.0",
                "react-dom": "18.2.0"
            }
        },
        "node_modules/@next/env": {
            "version": "14.2.3",
            "license": "MIT"
        },
        "node_modules/@next/swc-darwin-arm64": {
            "version": "14.2.3",
            "resolved": "https://registry.npmjs.org/@next/swc-darwin-arm64/-/swc-darwin-arm64-14.2.3.tgz",
            "integrity": "sha512-3pEYo/RaGqPP0YzwnlmPN2puaF2WMLM3apt5jLW2fFdXD9+pqcoTzRk+iZsf8ta7+quAe4Q6Ms0nR0SFGFdS1A==",
            "cpu": [
                "arm64"
            ],
            "license": "MIT",
            "optional": true,
            "os": [
                "darwin"
            ],
            "engines": {
                "node": ">= 10"
            }
        },
        "node_modules/@next/swc-darwin-x64": {
            "version": "14.2.3",
            "resolved": "https://registry.npmjs.org/@next/swc-darwin-x64/-/swc-darwin-x64-14.2.3.tgz",
            "integrity": "sha512-6adp7waE6P1TYFSXpY366xwsOnEXM+y1kgRpjSRVI2CBDOcbRjsJ67Z6EgKIqWIue52d2q/Mx8g9MszARj8IEA==",
            "cpu": [
                "x64"
            ],
            "license": "MIT",
            "optional": true,
            "os": [
                "darwin"
            ],
            "engines": {
                "node": ">= 10"
            }
        },
        "node_modules/@next/swc-linux-arm64-gnu": {
            "version": "14.2.3",
            "resolved": "https://registry.npmjs.org/@next/swc-linux-arm64-gnu/-/swc-linux-arm64-gnu-14.2.3.tgz",
            "integrity": "sha512-cuzCE/1G0ZSnTAHJPUT1rPgQx1w5tzSX7POXSLaS7w2nIUJUD+e25QoXD/hMfxbsT9rslEXugWypJMILBj/QsA==",
            "cpu": [
                "arm64"
            ],
            "license": "MIT",
            "optional": true,
            "os": [
                "linux"
            ],
            "engines": {
                "node": ">= 10"
            }
        },
        "node_modules/@next/swc-linux-arm64-musl": {
            "version": "14.2.3",
            "resolved": "https://registry.npmjs.org/@next/swc-linux-arm64-musl/-/swc-linux-arm64-musl-14.2.3.tgz",
            "integrity": "sha512-0D4/oMM2Y9Ta3nGuCcQN8jjJjmDPYpHX9OJzqk42NZGJocU2MqhBq5tWkJrUQOQY9N+In9xOdymzapM09GeiZw==",
            "cpu": [
                "arm64"
            ],
            "license": "MIT",
            "optional": true,
            "os": [
                "linux"
            ],
            "engines": {
                "node": ">= 10"
            }
        },
        "node_modules/@next/swc-linux-x64-gnu": {
            "version": "14.2.3",
            "resolved": "https://registry.npmjs.org/@next/swc-linux-x64-gnu/-/swc-linux-x64-gnu-14.2.3.tgz",
            "integrity": "sha512-ENPiNnBNDInBLyUU5ii8PMQh+4XLr4pG51tOp6aJ9xqFQ2iRI6IH0Ds2yJkAzNV1CfyagcyzPfROMViS2wOZ9w==",
            "cpu": [
                "x64"
            ],
            "license": "MIT",
            "optional": true,
            "os": [
                "linux"
            ],
            "engines": {
                "node": ">= 10"
            }
        },
        "node_modules/@next/swc-linux-x64-musl": {
            "version": "14.2.3",
            "resolved": "https://registry.npmjs.org/@next/swc-linux-x64-musl/-/swc-linux-x64-musl-14.2.3.tgz",
            "integrity": "sha512-BTAbq0LnCbF5MtoM7I/9UeUu/8ZBY0i8SFjUMCbPDOLv+un67e2JgyN4pmgfXBwy/I+RHu8q+k+MCkDN6P9ViQ==",
            "cpu": [
                "x64"
            ],
            "license": "MIT",
            "optional": true,
            "os": [
                "linux"
            ],
            "engines": {
                "node": ">= 10"
            }
        },
        "node_modules/@next/swc-win32-arm64-msvc": {
            "version": "14.2.3",
            "resolved": "https://registry.npmjs.org/@next/swc-win32-arm64-msvc/-/swc-win32-arm64-msvc-14.2.3.tgz",
            "integrity": "sha512-AEHIw/dhAMLNFJFJIJIyOFDzrzI5bAjI9J26gbO5xhAKHYTZ9Or04BesFPXiAYXDNdrwTP2dQceYA4dL1geu8A==",
            "cpu": [
                "arm64"
            ],
            "license": "MIT",
            "optional": true,
            "os": [
                "win32"
            ],
            "engines": {
                "node": ">= 10"
            }
        },
        "node_modules/@next/swc-win32-ia32-msvc": {
            "version": "14.2.3",
            "resolved": "https://registry.npmjs.org/@next/swc-win32-ia32-msvc/-/swc-win32-ia32-msvc-14.2.3.tgz",
            "integrity": "sha512-vga40n1q6aYb0CLrM+eEmisfKCR45ixQYXuBXxOOmmoV8sYST9k7E3US32FsY+CkkF7NtzdcebiFT4CHuMSyZw==",
            "cpu": [
                "ia32"
            ],
            "license": "MIT",
            "optional": true,
            "os": [
                "win32"
            ],
            "engines": {
                "node": ">= 10"
            }
        },
        "node_modules/@next/swc-win32-x64-msvc": {
            "version": "14.2.3",
            "cpu": [
                "x64"
            ],
            "license": "MIT",
            "optional": true,
            "os": [
                "win32"
            ],
            "engines": {
                "node": ">= 10"
            }
        },
        "node_modules/@swc/counter": {
            "version": "0.1.3",
            "license": "Apache-2.0"
        },
        "node_modules/@swc/helpers": {
            "version": "0.5.5",
            "resolved": "https://registry.npmjs.org/@swc/helpers/-/helpers-0.5.5.tgz",
            "integrity": "sha512-KGYxvIOXcceOAbEk4bi/dVLEK9z8sZ0uBB3Il5b1rhfClSpcX0yfRO0KmTkqR2cnQDymwLB+25ZyMzICg/cm/A==",
            "license": "Apache-2.0",
            "dependencies": {
                "@swc/counter": "^0.1.3",
                "tslib": "^2.4.0"
            }
        },
        "node_modules/@tensorflow-models/mobilenet": {
            "version": "2.1.1",
            "resolved": "https://registry.npmjs.org/@tensorflow-models/mobilenet/-/mobilenet-2.1.1.tgz",
            "integrity": "sha512-tv4s4UFzG74PkIwl4gT64AyRnCcNUq+s8wSzge+LN/Puc1VUuInZghrobvpNlWjZtVi1x1d1NsBD//TfOr2ssA==",
            "license": "Apache-2.0",
            "peerDependencies": {
                "@tensorflow/tfjs-converter": "^4.9.0",
                "@tensorflow/tfjs-core": "^4.9.0"
            }
        },
        "node_modules/@tensorflow/tfjs": {
            "version": "4.22.0",
            "resolved": "https://registry.npmjs.org/@tensorflow/tfjs/-/tfjs-4.22.0.tgz",
            "integrity": "sha512-0TrIrXs6/b7FLhLVNmfh8Sah6JgjBPH4mZ8JGb7NU6WW+cx00qK5BcAZxw7NCzxj6N8MRAIfHq+oNbPUNG5VAg==",
            "license": "Apache-2.0",
            "dependencies": {
                "@tensorflow/tfjs-backend-cpu": "4.22.0",
                "@tensorflow/tfjs-backend-webgl": "4.22.0",
                "@tensorflow/tfjs-converter": "4.22.0",
                "@tensorflow/tfjs-core": "4.22.0",
                "@tensorflow/tfjs-data": "4.22.0",
                "@tensorflow/tfjs-layers": "4.22.0",
                "argparse": "^1.0.10",
                "chalk": "^4.1.0",
                "core-js": "3.29.1",
                "regenerator-runtime": "^0.13.5",
                "yargs": "^16.0.3"
            },
            "bin": {
                "tfjs-custom-module": "dist/tools/custom_module/cli.js"
            }
        },
        "node_modules/@tensorflow/tfjs-backend-cpu": {
            "version": "4.22.0",
            "resolved": "https://registry.npmjs.org/@tensorflow/tfjs-backend-cpu/-/tfjs-backend-cpu-4.22.0.tgz",
            "integrity": "sha512-1u0FmuLGuRAi8D2c3cocHTASGXOmHc/4OvoVDENJayjYkS119fcTcQf4iHrtLthWyDIPy3JiPhRrZQC9EwnhLw==",
            "license": "Apache-2.0",
            "dependencies": {
                "@types/seedrandom": "^2.4.28",
                "seedrandom": "^3.0.5"
            },
            "engines": {
                "yarn": ">= 1.3.2"
            },
            "peerDependencies": {
                "@tensorflow/tfjs-core": "4.22.0"
            }
        },
        "node_modules/@tensorflow/tfjs-backend-webgl": {
            "version": "4.22.0",
            "resolved": "https://registry.npmjs.org/@tensorflow/tfjs-backend-webgl/-/tfjs-backend-webgl-4.22.0.tgz",
            "integrity": "sha512-H535XtZWnWgNwSzv538czjVlbJebDl5QTMOth4RXr2p/kJ1qSIXE0vZvEtO+5EC9b00SvhplECny2yDewQb/Yg==",
            "license": "Apache-2.0",
            "dependencies": {
                "@tensorflow/tfjs-backend-cpu": "4.22.0",
                "@types/offscreencanvas": "~2019.3.0",
                "@types/seedrandom": "^2.4.28",
                "seedrandom": "^3.0.5"
            },
            "engines": {
                "yarn": ">= 1.3.2"
            },
            "peerDependencies": {
                "@tensorflow/tfjs-core": "4.22.0"
            }
        },
        "node_modules/@tensorflow/tfjs-converter": {
            "version": "4.22.0",
            "resolved": "https://registry.npmjs.org/@tensorflow/tfjs-converter/-/tfjs-converter-4.22.0.tgz",
            "integrity": "sha512-PT43MGlnzIo+YfbsjM79Lxk9lOq6uUwZuCc8rrp0hfpLjF6Jv8jS84u2jFb+WpUeuF4K33ZDNx8CjiYrGQ2trQ==",
            "license": "Apache-2.0",
            "peer": true,
            "peerDependencies": {
                "@tensorflow/tfjs-core": "4.22.0"
            }
        },
        "node_modules/@tensorflow/tfjs-core": {
            "version": "4.22.0",
            "resolved": "https://registry.npmjs.org/@tensorflow/tfjs-core/-/tfjs-core-4.22.0.tgz",
            "integrity": "sha512-LEkOyzbknKFoWUwfkr59vSB68DMJ4cjwwHgicXN0DUi3a0Vh1Er3JQqCI1Hl86GGZQvY8ezVrtDIvqR1ZFW55A==",
            "license": "Apache-2.0",
            "peer": true,
            "dependencies": {
                "@types/long": "^4.0.1",
                "@types/offscreencanvas": "~2019.7.0",
                "@types/seedrandom": "^2.4.28",
                "@webgpu/types": "0.1.38",
                "long": "4.0.0",
                "node-fetch": "~2.6.1",
                "seedrandom": "^3.0.5"
            },
            "engines": {
                "yarn": ">= 1.3.2"
            }
        },
        "node_modules/@tensorflow/tfjs-core/node_modules/@types/offscreencanvas": {
            "version": "2019.7.3",
            "resolved": "https://registry.npmjs.org/@types/offscreencanvas/-/offscreencanvas-2019.7.3.tgz",
            "integrity": "sha512-ieXiYmgSRXUDeOntE1InxjWyvEelZGP63M+cGuquuRLuIKKT1osnkXjxev9B7d1nXSug5vpunx+gNlbVxMlC9A==",
            "license": "MIT"
        },
        "node_modules/@tensorflow/tfjs-data": {
            "version": "4.22.0",
            "license": "Apache-2.0",
            "dependencies": {
                "@types/node-fetch": "^2.1.2",
                "node-fetch": "~2.6.1",
                "string_decoder": "^1.3.0"
            },
            "peerDependencies": {
                "@tensorflow/tfjs-core": "4.22.0",
                "seedrandom": "^3.0.5"
            }
        },
        "node_modules/@tensorflow/tfjs-layers": {
            "version": "4.22.0",
            "resolved": "https://registry.npmjs.org/@tensorflow/tfjs-layers/-/tfjs-layers-4.22.0.tgz",
            "integrity": "sha512-lybPj4ZNj9iIAPUj7a8ZW1hg8KQGfqWLlCZDi9eM/oNKCCAgchiyzx8OrYoWmRrB+AM6VNEeIT+2gZKg5ReihA==",
            "license": "Apache-2.0 AND MIT",
            "peerDependencies": {
                "@tensorflow/tfjs-core": "4.22.0"
            }
        },
        "node_modules/@types/long": {
            "version": "4.0.2",
            "license": "MIT"
        },
        "node_modules/@types/node": {
            "version": "25.5.0",
            "license": "MIT",
            "dependencies": {
                "undici-types": "~7.18.0"
            }
        },
        "node_modules/@types/node-fetch": {
            "version": "2.6.13",
            "license": "MIT",
            "dependencies": {
                "@types/node": "*",
                "form-data": "^4.0.4"
            }
        },
        "node_modules/@types/offscreencanvas": {
            "version": "2019.3.0",
            "license": "MIT"
        },
        "node_modules/@types/seedrandom": {
            "version": "2.4.34",
            "license": "MIT"
        },
        "node_modules/@webgpu/types": {
            "version": "0.1.38",
            "license": "BSD-3-Clause"
        },
        "node_modules/ansi-regex": {
            "version": "5.0.1",
            "license": "MIT",
            "engines": {
                "node": ">=8"
            }
        },
        "node_modules/ansi-styles": {
            "version": "4.3.0",
            "license": "MIT",
            "dependencies": {
                "color-convert": "^2.0.1"
            },
            "engines": {
                "node": ">=8"
            },
            "funding": {
                "url": "https://github.com/chalk/ansi-styles?sponsor=1"
            }
        },
        "node_modules/argparse": {
            "version": "1.0.10",
            "license": "MIT",
            "dependencies": {
                "sprintf-js": "~1.0.2"
            }
        },
        "node_modules/asynckit": {
            "version": "0.4.0",
            "license": "MIT"
        },
        "node_modules/busboy": {
            "version": "1.6.0",
            "dependencies": {
                "streamsearch": "^1.1.0"
            },
            "engines": {
                "node": ">=10.16.0"
            }
        },
        "node_modules/call-bind-apply-helpers": {
            "version": "1.0.2",
            "license": "MIT",
            "dependencies": {
                "es-errors": "^1.3.0",
                "function-bind": "^1.1.2"
            },
            "engines": {
                "node": ">= 0.4"
            }
        },
        "node_modules/caniuse-lite": {
            "version": "1.0.30001779",
            "resolved": "https://registry.npmjs.org/caniuse-lite/-/caniuse-lite-1.0.30001779.tgz",
            "integrity": "sha512-U5og2PN7V4DMgF50YPNtnZJGWVLFjjsN3zb6uMT5VGYIewieDj1upwfuVNXf4Kor+89c3iCRJnSzMD5LmTvsfA==",
            "funding": [
                {
                    "type": "opencollective",
                    "url": "https://opencollective.com/browserslist"
                },
                {
                    "type": "tidelift",
                    "url": "https://tidelift.com/funding/github/npm/caniuse-lite"
                },
                {
                    "type": "github",
                    "url": "https://github.com/sponsors/ai"
                }
            ],
            "license": "CC-BY-4.0"
        },
        "node_modules/chalk": {
            "version": "4.1.2",
            "license": "MIT",
            "dependencies": {
                "ansi-styles": "^4.1.0",
                "supports-color": "^7.1.0"
            },
            "engines": {
                "node": ">=10"
            },
            "funding": {
                "url": "https://github.com/chalk/chalk?sponsor=1"
            }
        },
        "node_modules/client-only": {
            "version": "0.0.1",
            "license": "MIT"
        },
        "node_modules/cliui": {
            "version": "7.0.4",
            "license": "ISC",
            "dependencies": {
                "string-width": "^4.2.0",
                "strip-ansi": "^6.0.0",
                "wrap-ansi": "^7.0.0"
            }
        },
        "node_modules/color-convert": {
            "version": "2.0.1",
            "license": "MIT",
            "dependencies": {
                "color-name": "~1.1.4"
            },
            "engines": {
                "node": ">=7.0.0"
            }
        },
        "node_modules/color-name": {
            "version": "1.1.4",
            "license": "MIT"
        },
        "node_modules/combined-stream": {
            "version": "1.0.8",
            "license": "MIT",
            "dependencies": {
                "delayed-stream": "~1.0.0"
            },
            "engines": {
                "node": ">= 0.8"
            }
        },
        "node_modules/core-js": {
            "version": "3.29.1",
            "resolved": "https://registry.npmjs.org/core-js/-/core-js-3.29.1.tgz",
            "integrity": "sha512-+jwgnhg6cQxKYIIjGtAHq2nwUOolo9eoFZ4sHfUH09BLXBgxnH4gA0zEd+t+BO2cNB8idaBtZFcFTRjQJRJmAw==",
            "hasInstallScript": true,
            "license": "MIT",
            "funding": {
                "type": "opencollective",
                "url": "https://opencollective.com/core-js"
            }
        },
        "node_modules/delayed-stream": {
            "version": "1.0.0",
            "license": "MIT",
            "engines": {
                "node": ">=0.4.0"
            }
        },
        "node_modules/dunder-proto": {
            "version": "1.0.1",
            "license": "MIT",
            "dependencies": {
                "call-bind-apply-helpers": "^1.0.1",
                "es-errors": "^1.3.0",
                "gopd": "^1.2.0"
            },
            "engines": {
                "node": ">= 0.4"
            }
        },
        "node_modules/emoji-regex": {
            "version": "8.0.0",
            "license": "MIT"
        },
        "node_modules/es-define-property": {
            "version": "1.0.1",
            "license": "MIT",
            "engines": {
                "node": ">= 0.4"
            }
        },
        "node_modules/es-errors": {
            "version": "1.3.0",
            "license": "MIT",
            "engines": {
                "node": ">= 0.4"
            }
        },
        "node_modules/es-object-atoms": {
            "version": "1.1.1",
            "license": "MIT",
            "dependencies": {
                "es-errors": "^1.3.0"
            },
            "engines": {
                "node": ">= 0.4"
            }
        },
        "node_modules/es-set-tostringtag": {
            "version": "2.1.0",
            "license": "MIT",
            "dependencies": {
                "es-errors": "^1.3.0",
                "get-intrinsic": "^1.2.6",
                "has-tostringtag": "^1.0.2",
                "hasown": "^2.0.2"
            },
            "engines": {
                "node": ">= 0.4"
            }
        },
        "node_modules/escalade": {
            "version": "3.2.0",
            "license": "MIT",
            "engines": {
                "node": ">=6"
            }
        },
        "node_modules/form-data": {
            "version": "4.0.5",
            "license": "MIT",
            "dependencies": {
                "asynckit": "^0.4.0",
                "combined-stream": "^1.0.8",
                "es-set-tostringtag": "^2.1.0",
                "hasown": "^2.0.2",
                "mime-types": "^2.1.12"
            },
            "engines": {
                "node": ">= 6"
            }
        },
        "node_modules/function-bind": {
            "version": "1.1.2",
            "license": "MIT",
            "funding": {
                "url": "https://github.com/sponsors/ljharb"
            }
        },
        "node_modules/get-caller-file": {
            "version": "2.0.5",
            "license": "ISC",
            "engines": {
                "node": "6.* || 8.* || >= 10.*"
            }
        },
        "node_modules/get-intrinsic": {
            "version": "1.3.0",
            "license": "MIT",
            "dependencies": {
                "call-bind-apply-helpers": "^1.0.2",
                "es-define-property": "^1.0.1",
                "es-errors": "^1.3.0",
                "es-object-atoms": "^1.1.1",
                "function-bind": "^1.1.2",
                "get-proto": "^1.0.1",
                "gopd": "^1.2.0",
                "has-symbols": "^1.1.0",
                "hasown": "^2.0.2",
                "math-intrinsics": "^1.1.0"
            },
            "engines": {
                "node": ">= 0.4"
            },
            "funding": {
                "url": "https://github.com/sponsors/ljharb"
            }
        },
        "node_modules/get-proto": {
            "version": "1.0.1",
            "license": "MIT",
            "dependencies": {
                "dunder-proto": "^1.0.1",
                "es-object-atoms": "^1.0.0"
            },
            "engines": {
                "node": ">= 0.4"
            }
        },
        "node_modules/gopd": {
            "version": "1.2.0",
            "license": "MIT",
            "engines": {
                "node": ">= 0.4"
            },
            "funding": {
                "url": "https://github.com/sponsors/ljharb"
            }
        },
        "node_modules/graceful-fs": {
            "version": "4.2.11",
            "license": "ISC"
        },
        "node_modules/has-flag": {
            "version": "4.0.0",
            "license": "MIT",
            "engines": {
                "node": ">=8"
            }
        },
        "node_modules/has-symbols": {
            "version": "1.1.0",
            "license": "MIT",
            "engines": {
                "node": ">= 0.4"
            },
            "funding": {
                "url": "https://github.com/sponsors/ljharb"
            }
        },
        "node_modules/has-tostringtag": {
            "version": "1.0.2",
            "license": "MIT",
            "dependencies": {
                "has-symbols": "^1.0.3"
            },
            "engines": {
                "node": ">= 0.4"
            },
            "funding": {
                "url": "https://github.com/sponsors/ljharb"
            }
        },
        "node_modules/hasown": {
            "version": "2.0.2",
            "license": "MIT",
            "dependencies": {
                "function-bind": "^1.1.2"
            },
            "engines": {
                "node": ">= 0.4"
            }
        },
        "node_modules/is-fullwidth-code-point": {
            "version": "3.0.0",
            "license": "MIT",
            "engines": {
                "node": ">=8"
            }
        },
        "node_modules/js-tokens": {
            "version": "4.0.0",
            "license": "MIT"
        },
        "node_modules/long": {
            "version": "4.0.0",
            "license": "Apache-2.0"
        },
        "node_modules/loose-envify": {
            "version": "1.4.0",
            "license": "MIT",
            "dependencies": {
                "js-tokens": "^3.0.0 || ^4.0.0"
            },
            "bin": {
                "loose-envify": "cli.js"
            }
        },
        "node_modules/lucide-react": {
            "version": "0.577.0",
            "resolved": "https://registry.npmjs.org/lucide-react/-/lucide-react-0.577.0.tgz",
            "integrity": "sha512-4LjoFv2eEPwYDPg/CUdBJQSDfPyzXCRrVW1X7jrx/trgxnxkHFjnVZINbzvzxjN70dxychOfg+FTYwBiS3pQ5A==",
            "license": "ISC",
            "peerDependencies": {
                "react": "^16.5.1 || ^17.0.0 || ^18.0.0 || ^19.0.0"
            }
        },
        "node_modules/math-intrinsics": {
            "version": "1.1.0",
            "license": "MIT",
            "engines": {
                "node": ">= 0.4"
            }
        },
        "node_modules/mime-db": {
            "version": "1.52.0",
            "license": "MIT",
            "engines": {
                "node": ">= 0.6"
            }
        },
        "node_modules/mime-types": {
            "version": "2.1.35",
            "license": "MIT",
            "dependencies": {
                "mime-db": "1.52.0"
            },
            "engines": {
                "node": ">= 0.6"
            }
        },
        "node_modules/nanoid": {
            "version": "3.3.11",
            "funding": [
                {
                    "type": "github",
                    "url": "https://github.com/sponsors/ai"
                }
            ],
            "license": "MIT",
            "bin": {
                "nanoid": "bin/nanoid.cjs"
            },
            "engines": {
                "node": "^10 || ^12 || ^13.7 || ^14 || >=15.0.1"
            }
        },
        "node_modules/next": {
            "version": "14.2.3",
            "resolved": "https://registry.npmjs.org/next/-/next-14.2.3.tgz",
            "integrity": "sha512-dowFkFTR8v79NPJO4QsBUtxv0g9BrS/phluVpMAt2ku7H+cbcBJlopXjkWlwxrk/xGqMemr7JkGPGemPrLLX7A==",
            "deprecated": "This version has a security vulnerability. Please upgrade to a patched version. See https://nextjs.org/blog/security-update-2025-12-11 for more details.",
            "license": "MIT",
            "dependencies": {
                "@next/env": "14.2.3",
                "@swc/helpers": "0.5.5",
                "busboy": "1.6.0",
                "caniuse-lite": "^1.0.30001579",
                "graceful-fs": "^4.2.11",
                "postcss": "8.4.31",
                "styled-jsx": "5.1.1"
            },
            "bin": {
                "next": "dist/bin/next"
            },
            "engines": {
                "node": ">=18.17.0"
            },
            "optionalDependencies": {
                "@next/swc-darwin-arm64": "14.2.3",
                "@next/swc-darwin-x64": "14.2.3",
                "@next/swc-linux-arm64-gnu": "14.2.3",
                "@next/swc-linux-arm64-musl": "14.2.3",
                "@next/swc-linux-x64-gnu": "14.2.3",
                "@next/swc-linux-x64-musl": "14.2.3",
                "@next/swc-win32-arm64-msvc": "14.2.3",
                "@next/swc-win32-ia32-msvc": "14.2.3",
                "@next/swc-win32-x64-msvc": "14.2.3"
            },
            "peerDependencies": {
                "@opentelemetry/api": "^1.1.0",
                "@playwright/test": "^1.41.2",
                "react": "^18.2.0",
                "react-dom": "^18.2.0",
                "sass": "^1.3.0"
            },
            "peerDependenciesMeta": {
                "@opentelemetry/api": {
                    "optional": true
                },
                "@playwright/test": {
                    "optional": true
                },
                "sass": {
                    "optional": true
                }
            }
        },
        "node_modules/node-fetch": {
            "version": "2.6.13",
            "license": "MIT",
            "dependencies": {
                "whatwg-url": "^5.0.0"
            },
            "engines": {
                "node": "4.x || >=6.0.0"
            },
            "peerDependencies": {
                "encoding": "^0.1.0"
            },
            "peerDependenciesMeta": {
                "encoding": {
                    "optional": true
                }
            }
        },
        "node_modules/picocolors": {
            "version": "1.1.1",
            "license": "ISC"
        },
        "node_modules/postcss": {
            "version": "8.4.31",
            "funding": [
                {
                    "type": "opencollective",
                    "url": "https://opencollective.com/postcss/"
                },
                {
                    "type": "tidelift",
                    "url": "https://tidelift.com/funding/github/npm/postcss"
                },
                {
                    "type": "github",
                    "url": "https://github.com/sponsors/ai"
                }
            ],
            "license": "MIT",
            "dependencies": {
                "nanoid": "^3.3.6",
                "picocolors": "^1.0.0",
                "source-map-js": "^1.0.2"
            },
            "engines": {
                "node": "^10 || ^12 || >=14"
            }
        },
        "node_modules/react": {
            "version": "18.2.0",
            "license": "MIT",
            "peer": true,
            "dependencies": {
                "loose-envify": "^1.1.0"
            },
            "engines": {
                "node": ">=0.10.0"
            }
        },
        "node_modules/react-dom": {
            "version": "18.2.0",
            "license": "MIT",
            "peer": true,
            "dependencies": {
                "loose-envify": "^1.1.0",
                "scheduler": "^0.23.0"
            },
            "peerDependencies": {
                "react": "^18.2.0"
            }
        },
        "node_modules/regenerator-runtime": {
            "version": "0.13.11",
            "license": "MIT"
        },
        "node_modules/require-directory": {
            "version": "2.1.1",
            "license": "MIT",
            "engines": {
                "node": ">=0.10.0"
            }
        },
        "node_modules/safe-buffer": {
            "version": "5.2.1",
            "funding": [
                {
                    "type": "github",
                    "url": "https://github.com/sponsors/feross"
                },
                {
                    "type": "patreon",
                    "url": "https://www.patreon.com/feross"
                },
                {
                    "type": "consulting",
                    "url": "https://feross.org/support"
                }
            ],
            "license": "MIT"
        },
        "node_modules/scheduler": {
            "version": "0.23.2",
            "license": "MIT",
            "dependencies": {
                "loose-envify": "^1.1.0"
            }
        },
        "node_modules/seedrandom": {
            "version": "3.0.5",
            "license": "MIT",
            "peer": true
        },
        "node_modules/source-map-js": {
            "version": "1.2.1",
            "license": "BSD-3-Clause",
            "engines": {
                "node": ">=0.10.0"
            }
        },
        "node_modules/sprintf-js": {
            "version": "1.0.3",
            "license": "BSD-3-Clause"
        },
        "node_modules/streamsearch": {
            "version": "1.1.0",
            "engines": {
                "node": ">=10.0.0"
            }
        },
        "node_modules/string_decoder": {
            "version": "1.3.0",
            "license": "MIT",
            "dependencies": {
                "safe-buffer": "~5.2.0"
            }
        },
        "node_modules/string-width": {
            "version": "4.2.3",
            "license": "MIT",
            "dependencies": {
                "emoji-regex": "^8.0.0",
                "is-fullwidth-code-point": "^3.0.0",
                "strip-ansi": "^6.0.1"
            },
            "engines": {
                "node": ">=8"
            }
        },
        "node_modules/strip-ansi": {
            "version": "6.0.1",
            "license": "MIT",
            "dependencies": {
                "ansi-regex": "^5.0.1"
            },
            "engines": {
                "node": ">=8"
            }
        },
        "node_modules/styled-jsx": {
            "version": "5.1.1",
            "license": "MIT",
            "dependencies": {
                "client-only": "0.0.1"
            },
            "engines": {
                "node": ">= 12.0.0"
            },
            "peerDependencies": {
                "react": ">= 16.8.0 || 17.x.x || ^18.0.0-0"
            },
            "peerDependenciesMeta": {
                "@babel/core": {
                    "optional": true
                },
                "babel-plugin-macros": {
                    "optional": true
                }
            }
        },
        "node_modules/supports-color": {
            "version": "7.2.0",
            "license": "MIT",
            "dependencies": {
                "has-flag": "^4.0.0"
            },
            "engines": {
                "node": ">=8"
            }
        },
        "node_modules/tr46": {
            "version": "0.0.3",
            "license": "MIT"
        },
        "node_modules/tslib": {
            "version": "2.8.1",
            "license": "0BSD"
        },
        "node_modules/undici-types": {
            "version": "7.18.2",
            "license": "MIT"
        },
        "node_modules/webidl-conversions": {
            "version": "3.0.1",
            "license": "BSD-2-Clause"
        },
        "node_modules/whatwg-url": {
            "version": "5.0.0",
            "license": "MIT",
            "dependencies": {
                "tr46": "~0.0.3",
                "webidl-conversions": "^3.0.0"
            }
        },
        "node_modules/wrap-ansi": {
            "version": "7.0.0",
            "license": "MIT",
            "dependencies": {
                "ansi-styles": "^4.0.0",
                "string-width": "^4.1.0",
                "strip-ansi": "^6.0.0"
            },
            "engines": {
                "node": ">=10"
            },
            "funding": {
                "url": "https://github.com/chalk/wrap-ansi?sponsor=1"
            }
        },
        "node_modules/y18n": {
            "version": "5.0.8",
            "license": "ISC",
            "engines": {
                "node": ">=10"
            }
        },
        "node_modules/yargs": {
            "version": "16.2.0",
            "license": "MIT",
            "dependencies": {
                "cliui": "^7.0.2",
                "escalade": "^3.1.1",
                "get-caller-file": "^2.0.5",
                "require-directory": "^2.1.1",
                "string-width": "^4.2.0",
                "y18n": "^5.0.5",
                "yargs-parser": "^20.2.2"
            },
            "engines": {
                "node": ">=10"
            }
        },
        "node_modules/yargs-parser": {
            "version": "20.2.9",
            "license": "ISC",
            "engines": {
                "node": ">=10"
            }
        }
    }
}
